
Microsoft Visual Studio Solution File, Format Version 12.00
# Visual Studio 15
VisualStudioVersion = 15.0.28307.329
MinimumVisualStudioVersion = 10.0.40219.1
Project("{FAE04EC0-301F-11D3-BF4B-00C04F79EFBC}") = "BYOMethodWithReturn - dylan hughes", "BYOMethodWithReturn - dylan hughes.csproj", "{D6D50DEA-5168-47BC-9867-2D2D052A16EA}"
EndProject
Global
	GlobalSection(SolutionConfigurationPlatforms) = preSolution
		Debug|Any CPU = Debug|Any CPU
		Release|Any CPU = Release|Any CPU
	EndGlobalSection
	GlobalSection(ProjectConfigurationPlatforms) = postSolution
		{D6D50DEA-5168-47BC-9867-2D2D052A16EA}.Debug|Any CPU.ActiveCfg = Debug|Any CPU
		{D6D50DEA-5168-47BC-9867-2D2D052A16EA}.Debug|Any CPU.Build.0 = Debug|Any CPU
		{D6D50DEA-5168-47BC-9867-2D2D052A16EA}.Release|Any CPU.ActiveCfg = Release|Any CPU
		{D6D50DEA-5168-47BC-9867-2D2D052A16EA}.Release|Any CPU.Build.0 = Release|Any CPU
	EndGlobalSection
	GlobalSection(SolutionProperties) = preSolution
		HideSolutionNode = FALSE
	EndGlobalSection
	GlobalSection(ExtensibilityGlobals) = postSolution
		SolutionGuid = {3CE812E2-8210-4D7D-A494-00EEC8F7D64A}
	EndGlobalSection
EndGlobal
